// !$*UTF8*$!
{
	archiveVersion = 1;
	classes = {
	};
	objectVersion = 46;
	objects = {

/* Begin PBXBuildFile section */
		A35F5F4419FBE9E800F09122 /* AlbertEinsteinStamp.jpg in Resources */ = {isa = PBXBuildFile; fileRef = A35F5F4319FBE9E800F09122 /* AlbertEinsteinStamp.jpg */; };
		A3F1BAC819ED7D3E0086F450 /* AppDelegate.swift in Sources */ = {isa = PBXBuildFile; fileRef = A3F1BAC719ED7D3E0086F450 /* AppDelegate.swift */; };
		A3F1BACA19ED7D3E0086F450 /* ViewController.swift in Sources */ = {isa = PBXBuildFile; fileRef = A3F1BAC919ED7D3E0086F450 /* ViewController.swift */; };
		A3F1BACD19ED7D3E0086F450 /* Main.storyboard in Resources */ = {isa = PBXBuildFile; fileRef = A3F1BACB19ED7D3E0086F450 /* Main.storyboard */; };
		A3F1BACF19ED7D3E0086F450 /* Images.xcassets in Resources */ = {isa = PBXBuildFile; fileRef = A3F1BACE19ED7D3E0086F450 /* Images.xcassets */; };
		A3F1BAD219ED7D3E0086F450 /* LaunchScreen.xib in Resources */ = {isa = PBXBuildFile; fileRef = A3F1BAD019ED7D3E0086F450 /* LaunchScreen.xib */; };
		A3F1BADE19ED7D3E0086F450 /* PostcardTests.swift in Sources */ = {isa = PBXBuildFile; fileRef = A3F1BADD19ED7D3E0086F450 /* PostcardTests.swift */; };
		A3F1BAE819EEFD1B0086F450 /* SagradaFamilia.jpeg in Resources */ = {isa = PBXBuildFile; fileRef = A3F1BAE719EEFD1B0086F450 /* SagradaFamilia.jpeg */; };
/* End PBXBuildFile section */

/* Begin PBXContainerItemProxy section */
		A3F1BAD819ED7D3E0086F450 /* PBXContainerItemProxy */ = {
			isa = PBXContainerItemProxy;
			containerPortal = A3F1BABA19ED7D3E0086F450 /* Project object */;
			proxyType = 1;
			remoteGlobalIDString = A3F1BAC119ED7D3E0086F450;
			remoteInfo = Postcard;
		};
/* End PBXContainerItemProxy section */

/* Begin PBXFileReference section */
		A35F5F4319FBE9E800F09122 /* AlbertEinsteinStamp.jpg */ = {isa = PBXFileReference; lastKnownFileType = image.jpeg; path = AlbertEinsteinStamp.jpg; sourceTree = "<group>"; };
		A3F1BAC219ED7D3E0086F450 /* Postcard.app */ = {isa = PBXFileReference; explicitFileType = wrapper.application; includeInIndex = 0; path = Postcard.app; sourceTree = BUILT_PRODUCTS_DIR; };
		A3F1BAC619ED7D3E0086F450 /* Info.plist */ = {isa = PBXFileReference; lastKnownFileType = text.plist.xml; path = Info.plist; sourceTree = "<group>"; };
		A3F1BAC719ED7D3E0086F450 /* AppDelegate.swift */ = {isa = PBXFileReference; lastKnownFileType = sourcecode.swift; path = AppDelegate.swift; sourceTree = "<group>"; };
		A3F1BAC919ED7D3E0086F450 /* ViewController.swift */ = {isa = PBXFileReference; lastKnownFileType = sourcecode.swift; path = ViewController.swift; sourceTree = "<group>"; };
		A3F1BACC19ED7D3E0086F450 /* Base */ = {isa = PBXFileReference; lastKnownFileType = file.storyboard; name = Base; path = Base.lproj/Main.storyboard; sourceTree = "<group>"; };
		A3F1BACE19ED7D3E0086F450 /* Images.xcassets */ = {isa = PBXFileReference; lastKnownFileType = folder.assetcatalog; path = Images.xcassets; sourceTree = "<group>"; };
		A3F1BAD119ED7D3E0086F450 /* Base */ = {isa = PBXFileReference; lastKnownFileType = file.xib; name = Base; path = Base.lproj/LaunchScreen.xib; sourceTree = "<group>"; };
		A3F1BAD719ED7D3E0086F450 /* PostcardTests.xctest */ = {isa = PBXFileReference; explicitFileType = wrapper.cfbundle; includeInIndex = 0; path = PostcardTests.xctest; sourceTree = BUILT_PRODUCTS_DIR; };
		A3F1BADC19ED7D3E0086F450 /* Info.plist */ = {isa = PBXFileReference; lastKnownFileType = text.plist.xml; path = Info.plist; sourceTree = "<group>"; };
		A3F1BADD19ED7D3E0086F450 /* PostcardTests.swift */ = {isa = PBXFileReference; lastKnownFileType = sourcecode.swift; path = PostcardTests.swift; sourceTree = "<group>"; };
		A3F1BAE719EEFD1B0086F450 /* SagradaFamilia.jpeg */ = {isa = PBXFileReference; lastKnownFileType = image.jpeg; path = SagradaFamilia.jpeg; sourceTree = "<group>"; };
/* End PBXFileReference section */

/* Begin PBXFrameworksBuildPhase section */
		A3F1BABF19ED7D3E0086F450 /* Frameworks */ = {
			isa = PBXFrameworksBuildPhase;
			buildActionMask = 2147483647;
			files = (
			);
			runOnlyForDeploymentPostprocessing = 0;
		};
		A3F1BAD419ED7D3E0086F450 /* Frameworks */ = {
			isa = PBXFrameworksBuildPhase;
			buildActionMask = 2147483647;
			files = (
			);
			runOnlyForDeploymentPostprocessing = 0;
		};
/* End PBXFrameworksBuildPhase section */

/* Begin PBXGroup section */
		A3F1BAB919ED7D3E0086F450 = {
			isa = PBXGroup;
			children = (
				A3F1BAC419ED7D3E0086F450 /* Postcard */,
				A3F1BADA19ED7D3E0086F450 /* PostcardTests */,
				A3F1BAC319ED7D3E0086F450 /* Products */,
			);
			sourceTree = "<group>";
		};
		A3F1BAC319ED7D3E0086F450 /* Products */ = {
			isa = PBXGroup;
			children = (
				A3F1BAC219ED7D3E0086F450 /* Postcard.app */,
				A3F1BAD719ED7D3E0086F450 /* PostcardTests.xctest */,
			);
			name = Products;
			sourceTree = "<group>";
		};
		A3F1BAC419ED7D3E0086F450 /* Postcard */ = {
			isa = PBXGroup;
			children = (
				A3F1BAC719ED7D3E0086F450 /* AppDelegate.swift */,
				A3F1BAC919ED7D3E0086F450 /* ViewController.swift */,
				A3F1BACB19ED7D3E0086F450 /* Main.storyboard */,
				A3F1BACE19ED7D3E0086F450 /* Images.xcassets */,
				A3F1BAD019ED7D3E0086F450 /* LaunchScreen.xib */,
				A3F1BAC519ED7D3E0086F450 /* Supporting Files */,
			);
			path = Postcard;
			sourceTree = "<group>";
		};
		A3F1BAC519ED7D3E0086F450 /* Supporting Files */ = {
			isa = PBXGroup;
			children = (
				A35F5F4319FBE9E800F09122 /* AlbertEinsteinStamp.jpg */,
				A3F1BAE719EEFD1B0086F450 /* SagradaFamilia.jpeg */,
				A3F1BAC619ED7D3E0086F450 /* Info.plist */,
			);
			name = "Supporting Files";
			sourceTree = "<group>";
		};
		A3F1BADA19ED7D3E0086F450 /* PostcardTests */ = {
			isa = PBXGroup;
			children = (
				A3F1BADD19ED7D3E0086F450 /* PostcardTests.swift */,
				A3F1BADB19ED7D3E0086F450 /* Supporting Files */,
			);
			path = PostcardTests;
			sourceTree = "<group>";
		};
		A3F1BADB19ED7D3E0086F450 /* Supporting Files */ = {
			isa = PBXGroup;
			children = (
				A3F1BADC19ED7D3E0086F450 /* Info.plist */,
			);
			name = "Supporting Files";
			sourceTree = "<group>";
		};
/* End PBXGroup section */

/* Begin PBXNativeTarget section */
		A3F1BAC119ED7D3E0086F450 /* Postcard */ = {
			isa = PBXNativeTarget;
			buildConfigurationList = A3F1BAE119ED7D3E0086F450 /* Build configuration list for PBXNativeTarget "Postcard" */;
			buildPhases = (
				A3F1BABE19ED7D3E0086F450 /* Sources */,
				A3F1BABF19ED7D3E0086F450 /* Frameworks */,
				A3F1BAC019ED7D3E0086F450 /* Resources */,
			);
			buildRules = (
			);
			dependencies = (
			);
			name = Postcard;
			productName = Postcard;
			productReference = A3F1BAC219ED7D3E0086F450 /* Postcard.app */;
			productType = "com.apple.product-type.application";
		};
		A3F1BAD619ED7D3E0086F450 /* PostcardTests */ = {
			isa = PBXNativeTarget;
			buildConfigurationList = A3F1BAE419ED7D3E0086F450 /* Build configuration list for PBXNativeTarget "PostcardTests" */;
			buildPhases = (
				A3F1BAD319ED7D3E0086F450 /* Sources */,
				A3F1BAD419ED7D3E0086F450 /* Frameworks */,
				A3F1BAD519ED7D3E0086F450 /* Resources */,
			);
			buildRules = (
			);
			dependencies = (
				A3F1BAD919ED7D3E0086F450 /* PBXTargetDependency */,
			);
			name = PostcardTests;
			productName = PostcardTests;
			productReference = A3F1BAD719ED7D3E0086F450 /* PostcardTests.xctest */;
			productType = "com.apple.product-type.bundle.unit-test";
		};
/* End PBXNativeTarget section */

/* Begin PBXProject section */
		A3F1BABA19ED7D3E0086F450 /* Project object */ = {
			isa = PBXProject;
			attributes = {
				LastUpgradeCheck = 0600;
				ORGANIZATIONNAME = "Gerhard Heeke";
				TargetAttributes = {
					A3F1BAC119ED7D3E0086F450 = {
						CreatedOnToolsVersion = 6.0.1;
					};
					A3F1BAD619ED7D3E0086F450 = {
						CreatedOnToolsVersion = 6.0.1;
						TestTargetID = A3F1BAC119ED7D3E0086F450;
					};
				};
			};
			buildConfigurationList = A3F1BABD19ED7D3E0086F450 /* Build configuration list for PBXProject "Postcard" */;
			compatibilityVersion = "Xcode 3.2";
			developmentRegion = English;
			hasScannedForEncodings = 0;
			knownRegions = (
				en,
				Base,
			);
			mainGroup = A3F1BAB919ED7D3E0086F450;
			productRefGroup = A3F1BAC319ED7D3E0086F450 /* Products */;
			projectDirPath = "";
			projectRoot = "";
			targets = (
				A3F1BAC119ED7D3E0086F450 /* Postcard */,
				A3F1BAD619ED7D3E0086F450 /* PostcardTests */,
			);
		};
/* End PBXProject section */

/* Begin PBXResourcesBuildPhase section */
		A3F1BAC019ED7D3E0086F450 /* Resources */ = {
			isa = PBXResourcesBuildPhase;
			buildActionMask = 2147483647;
			files = (
				A3F1BACD19ED7D3E0086F450 /* Main.storyboard in Resources */,
				A3F1BAE819EEFD1B0086F450 /* SagradaFamilia.jpeg in Resources */,
				A35F5F4419FBE9E800F09122 /* AlbertEinsteinStamp.jpg in Resources */,
				A3F1BAD219ED7D3E0086F450 /* LaunchScreen.xib in Resources */,
				A3F1BACF19ED7D3E0086F450 /* Images.xcassets in Resources */,
			);
			runOnlyForDeploymentPostprocessing = 0;
		};
		A3F1BAD519ED7D3E0086F450 /* Resources */ = {
			isa = PBXResourcesBuildPhase;
			buildActionMask = 2147483647;
			files = (
			);
			runOnlyForDeploymentPostprocessing = 0;
		};
/* End PBXResourcesBuildPhase section */

/* Begin PBXSourcesBuildPhase section */
		A3F1BABE19ED7D3E0086F450 /* Sources */ = {
			isa = PBXSourcesBuildPhase;
			buildActionMask = 2147483647;
			files = (
				A3F1BACA19ED7D3E0086F450 /* ViewController.swift in Sources */,
				A3F1BAC819ED7D3E0086F450 /* AppDelegate.swift in Sources */,
			);
			runOnlyForDeploymentPostprocessing = 0;
		};
		A3F1BAD319ED7D3E0086F450 /* Sources */ = {
			isa = PBXSourcesBuildPhase;
			buildActionMask = 2147483647;
			files = (
				A3F1BADE19ED7D3E0086F450 /* PostcardTests.swift in Sources */,
			);
			runOnlyForDeploymentPostprocessing = 0;
		};
/* End PBXSourcesBuildPhase section */

/* Begin PBXTargetDependency section */
		A3F1BAD919ED7D3E0086F450 /* PBXTargetDependency */ = {
			isa = PBXTargetDependency;
			target = A3F1BAC119ED7D3E0086F450 /* Postcard */;
			targetProxy = A3F1BAD819ED7D3E0086F450 /* PBXContainerItemProxy */;
		};
/* End PBXTargetDependency section */

/* Begin PBXVariantGroup section */
		A3F1BACB19ED7D3E0086F450 /* Main.storyboard */ = {
			isa = PBXVariantGroup;
			children = (
				A3F1BACC19ED7D3E0086F450 /* Base */,
			);
			name = Main.storyboard;
			sourceTree = "<group>";
		};
		A3F1BAD019ED7D3E0086F450 /* LaunchScreen.xib */ = {
			isa = PBXVariantGroup;
			children = (
				A3F1BAD119ED7D3E0086F450 /* Base */,
			);
			name = LaunchScreen.xib;
			sourceTree = "<group>";
		};
/* End PBXVariantGroup section */

/* Begin XCBuildConfiguration section */
		A3F1BADF19ED7D3E0086F450 /* Debug */ = {
			isa = XCBuildConfiguration;
			buildSettings = {
				ALWAYS_SEARCH_USER_PATHS = NO;
				CLANG_CXX_LANGUAGE_STANDARD = "gnu++0x";
				CLANG_CXX_LIBRARY = "libc++";
				CLANG_ENABLE_MODULES = YES;
				CLANG_ENABLE_OBJC_ARC = YES;
				CLANG_WARN_BOOL_CONVERSION = YES;
				CLANG_WARN_CONSTANT_CONVERSION = YES;
				CLANG_WARN_DIRECT_OBJC_ISA_USAGE = YES_ERROR;
				CLANG_WARN_EMPTY_BODY = YES;
				CLANG_WARN_ENUM_CONVERSION = YES;
				CLANG_WARN_INT_CONVERSION = YES;
				CLANG_WARN_OBJC_ROOT_CLASS = YES_ERROR;
				CLANG_WARN_UNREACHABLE_CODE = YES;
				CLANG_WARN__DUPLICATE_METHOD_MATCH = YES;
				"CODE_SIGN_IDENTITY[sdk=iphoneos*]" = "iPhone Developer";
				COPY_PHASE_STRIP = NO;
				ENABLE_STRICT_OBJC_MSGSEND = YES;
				GCC_C_LANGUAGE_STANDARD = gnu99;
				GCC_DYNAMIC_NO_PIC = NO;
				GCC_OPTIMIZATION_LEVEL = 0;
				GCC_PREPROCESSOR_DEFINITIONS = (
					"DEBUG=1",
					"$(inherited)",
				);
				GCC_SYMBOLS_PRIVATE_EXTERN = NO;
				GCC_WARN_64_TO_32_BIT_CONVERSION = YES;
				GCC_WARN_ABOUT_RETURN_TYPE = YES_ERROR;
				GCC_WARN_UNDECLARED_SELECTOR = YES;
				GCC_WARN_UNINITIALIZED_AUTOS = YES_AGGRESSIVE;
				GCC_WARN_UNUSED_FUNCTION = YES;
				GCC_WARN_UNUSED_VARIABLE = YES;
				IPHONEOS_DEPLOYMENT_TARGET = 8.0;
				MTL_ENABLE_DEBUG_INFO = YES;
				ONLY_ACTIVE_ARCH = YES;
				SDKROOT = iphoneos;
				SWIFT_OPTIMIZATION_LEVEL = "-Onone";
				TARGETED_DEVICE_FAMILY = "1,2";
			};
			name = Debug;
		};
		A3F1BAE019ED7D3E0086F450 /* Release */ = {
			isa = XCBuildConfiguration;
			buildSettings = {
				ALWAYS_SEARCH_USER_PATHS = NO;
				CLANG_CXX_LANGUAGE_STANDARD = "gnu++0x";
				CLANG_CXX_LIBRARY = "libc++";
				CLANG_ENABLE_MODULES = YES;
				CLANG_ENABLE_OBJC_ARC = YES;
				CLANG_WARN_BOOL_CONVERSION = YES;
				CLANG_WARN_CONSTANT_CONVERSION = YES;
				CLANG_WARN_DIRECT_OBJC_ISA_USAGE = YES_ERROR;
				CLANG_WARN_EMPTY_BODY = YES;
				CLANG_WARN_ENUM_CONVERSION = YES;
				CLANG_WARN_INT_CONVERSION = YES;
				CLANG_WARN_OBJC_ROOT_CLASS = YES_ERROR;
				CLANG_WARN_UNREACHABLE_CODE = YES;
				CLANG_WARN__DUPLICATE_METHOD_MATCH = YES;
				"CODE_SIGN_IDENTITY[sdk=iphoneos*]" = "iPhone Developer";
				COPY_PHASE_STRIP = YES;
				ENABLE_NS_ASSERTIONS = NO;
				ENABLE_STRICT_OBJC_MSGSEND = YES;
				GCC_C_LANGUAGE_STANDARD = gnu99;
				GCC_WARN_64_TO_32_BIT_CONVERSION = YES;
				GCC_WARN_ABOUT_RETURN_TYPE = YES_ERROR;
				GCC_WARN_UNDECLARED_SELECTOR = YES;
				GCC_WARN_UNINITIALIZED_AUTOS = YES_AGGRESSIVE;
				GCC_WARN_UNUSED_FUNCTION = YES;
				GCC_WARN_UNUSED_VARIABLE = YES;
				IPHONEOS_DEPLOYMENT_TARGET = 8.0;
				MTL_ENABLE_DEBUG_INFO = NO;
				SDKROOT = iphoneos;
				TARGETED_DEVICE_FAMILY = "1,2";
				VALIDATE_PRODUCT = YES;
			};
			name = Release;
		};
		A3F1BAE219ED7D3E0086F450 /* Debug */ = {
			isa = XCBuildConfiguration;
			buildSettings = {
				ASSETCATALOG_COMPILER_APPICON_NAME = AppIcon;
				INFOPLIST_FILE = Postcard/Info.plist;
				LD_RUNPATH_SEARCH_PATHS = "$(inherited) @executable_path/Frameworks";
				PRODUCT_NAME = "$(TARGET_NAME)";
			};
			name = Debug;
		};
		A3F1BAE319ED7D3E0086F450 /* Release */ = {
			isa = XCBuildConfiguration;
			buildSettings = {
				ASSETCATALOG_COMPILER_APPICON_NAME = AppIcon;
				INFOPLIST_FILE = Postcard/Info.plist;
				LD_RUNPATH_SEARCH_PATHS = "$(inherited) @executable_path/Frameworks";
				PRODUCT_NAME = "$(TARGET_NAME)";
			};
			name = Release;
		};
		A3F1BAE519ED7D3E0086F450 /* Debug */ = {
			isa = XCBuildConfiguration;
			buildSettings = {
				BUNDLE_LOADER = "$(TEST_HOST)";
				FRAMEWORK_SEARCH_PATHS = (
					"$(SDKROOT)/Developer/Library/Frameworks",
					"$(inherited)",
				);
				GCC_PREPROCESSOR_DEFINITIONS = (
					"DEBUG=1",
					"$(inherited)",
				);
				INFOPLIST_FILE = PostcardTests/Info.plist;
				LD_RUNPATH_SEARCH_PATHS = "$(inherited) @executable_path/Frameworks @loader_path/Frameworks";
				PRODUCT_NAME = "$(TARGET_NAME)";
				TEST_HOST = "$(BUILT_PRODUCTS_DIR)/Postcard.app/Postcard";
			};
			name = Debug;
		};
		A3F1BAE619ED7D3E0086F450 /* Release */ = {
			isa = XCBuildConfiguration;
			buildSettings = {
				BUNDLE_LOADER = "$(TEST_HOST)";
				FRAMEWORK_SEARCH_PATHS = (
					"$(SDKROOT)/Developer/Library/Frameworks",
					"$(inherited)",
				);
				INFOPLIST_FILE = PostcardTests/Info.plist;
				LD_RUNPATH_SEARCH_PATHS = "$(inherited) @executable_path/Frameworks @loader_path/Frameworks";
				PRODUCT_NAME = "$(TARGET_NAME)";
				TEST_HOST = "$(BUILT_PRODUCTS_DIR)/Postcard.app/Postcard";
			};
			name = Release;
		};
/* End XCBuildConfiguration section */

/* Begin XCConfigurationList section */
		A3F1BABD19ED7D3E0086F450 /* Build configuration list for PBXProject "Postcard" */ = {
			isa = XCConfigurationList;
			buildConfigurations = (
				A3F1BADF19ED7D3E0086F450 /* Debug */,
				A3F1BAE019ED7D3E0086F450 /* Release */,
			);
			defaultConfigurationIsVisible = 0;
			defaultConfigurationName = Release;
		};
		A3F1BAE119ED7D3E0086F450 /* Build configuration list for PBXNativeTarget "Postcard" */ = {
			isa = XCConfigurationList;
			buildConfigurations = (
				A3F1BAE219ED7D3E0086F450 /* Debug */,
				A3F1BAE319ED7D3E0086F450 /* Release */,
			);
			defaultConfigurationIsVisible = 0;
			defaultConfigurationName = Release;
		};
		A3F1BAE419ED7D3E0086F450 /* Build configuration list for PBXNativeTarget "PostcardTests" */ = {
			isa = XCConfigurationList;
			buildConfigurations = (
				A3F1BAE519ED7D3E0086F450 /* Debug */,
				A3F1BAE619ED7D3E0086F450 /* Release */,
			);
			defaultConfigurationIsVisible = 0;
			defaultConfigurationName = Release;
		};
/* End XCConfigurationList section */
	};
	rootObject = A3F1BABA19ED7D3E0086F450 /* Project object */;
}
